lockfileVersion: '9.0'

settings:
  autoInstallPeers: true
  excludeLinksFromLockfile: false

importers:

  .:
    devDependencies:
      '@effect/ai':
        specifier: ^0.37.0
        version: 0.37.0(@effect/experimental@0.61.1(@effect/platform@0.97.1(effect@3.22.1))(effect@3.22.1))(@effect/platform@0.97.1(effect@3.22.1))(@effect/rpc@0.70.2(@effect/platform@0.97.1(effect@3.22.1))(effect@3.22.1))(effect@3.22.1)
      '@effect/platform':
        specifier: ^0.97.1
        version: 0.97.1(effect@3.22.1)
      '@effect/platform-node':
        specifier: ^0.97.1
        version: 0.97.1(@effect/cluster@0.49.6(@effect/platform@0.97.1(effect@3.22.1))(@effect/rpc@0.70.2(@effect/platform@0.97.1(effect@3.22.1))(effect@3.22.1))(@effect/sql@0.45.0(@effect/experimental@0.61.1(@effect/platform@0.97.1(effect@3.22.1))(effect@3.22.1))(@effect/platform@0.97.1(effect@3.22.1))(effect@3.22.1))(@effect/workflow@0.10.3(@effect/platform@0.97.1(effect@3.22.1))(@effect/rpc@0.70.2(@effect/platform@0.97.1(effect@3.22.1))(effect@3.22.1))(effect@3.22.1))(effect@3.22.1))(@effect/platform@0.97.1(effect@3.22.1))(@effect/rpc@0.70.2(@effect/platform@0.97.1(effect@3.22.1))(effect@3.22.1))(@effect/sql@0.45.0(@effect/experimental@0.61.1(@effect/platform@0.97.1(effect@3.22.1))(effect@3.22.1))(@effect/platform@0.97.1(effect@3.22.1))(effect@3.22.1))(effect@3.22.1)
      '@types/node':
        specifier: ^24.13.3
        version: 24.13.3
      effect:
        specifier: ^3.22.1
        version: 3.22.1
      typescript:
        specifier: ^5.9.3
        version: 5.9.3

packages:

  '@effect/ai@0.37.0':
    resolution: {integrity: sha512-tHkDg/p2tNxKhXZATOokl5vGGqrV7K5FA/qdIExRTjFUOEVvKCWoVxqtUuj+NAp9BeSVuysJMPrHB9XjFPsUiQ==}
    peerDependencies:
      '@effect/experimental': ^0.61.0
      '@effect/platform': ^0.97.0
      '@effect/rpc': ^0.76.0
      effect: ^3.22.0

  '@effect/cluster@0.49.6':
    resolution: {integrity: sha512-wwfrQtfBkSnY5MJlrv9cp/Wyv0TuCkHFU7w7EBjtmqquPwXJ/g93qi37hWqXedbMRoA4ebY2SIH7S2JiUbPjOA==}
    peerDependencies:
      '@effect/platform': ^0.91.1
      '@effect/rpc': ^0.70.2
      '@effect/sql': ^0.45.0
      '@effect/workflow': ^0.10.3
      effect: ^3.17.14

  '@effect/experimental@0.61.1':
    resolution: {integrity: sha512-+P+PgGQeE2fXmsm63YoyENNcQIc7OiCkY4/HLkEdTvq93syfGIpwDfQD8u3xODMHJhZ5ZtRZHH4+UedFO0tLiA==}
    peerDependencies:
      '@effect/platform': ^0.97.1
      effect: ^3.22.1
      ioredis: ^5
      lmdb: ^3
    peerDependenciesMeta:
      ioredis:
        optional: true
      lmdb:
        optional: true

  '@effect/platform-node-shared@0.50.1':
    resolution: {integrity: sha512-P7Z7kcWVHbdMjXlsNjH7LaFYtuDfQu/lSbWXKDWqkQYc+ZQVtzN7UuWTUZHeMaZ2f7GoBB/bN2waSOE1m75/nQ==}
    peerDependencies:
      '@effect/cluster': ^0.49.1
      '@effect/platform': ^0.91.1
      '@effect/rpc': ^0.70.0
      '@effect/sql': ^0.45.0
      effect: ^3.17.14

  '@effect/platform-node@0.97.1':
    resolution: {integrity: sha512-QLoFBxTKgAtQtm5YDEIjMaKm2cmCMy+kcrvPABe8XawHcypnFH/JvyE/5yH2Vpky71r6uMubes8LeDoRamAekw==}
    peerDependencies:
      '@effect/cluster': ^0.49.1
      '@effect/platform': ^0.91.1
      '@effect/rpc': ^0.70.0
      '@effect/sql': ^0.45.0
      effect: ^3.17.14

  '@effect/platform@0.97.1':
    resolution: {integrity: sha512-IevWxwmrxCdeXxbXDx/hiOstHtERRigd1nhZSuHgiFEl7NkBmS/5GVWsRacq4NfJN2uCXqggETKNwij15VEpew==}
    peerDependencies:
      effect: ^3.22.1

  '@effect/rpc@0.70.2':
    resolution: {integrity: sha512-ZFgDL8iAF4nQsWFwOcuzBcA24QNv8qvwjoqTxGfQViXrDBt/naqMSleycKptLJVyOec0ntTMn+hp5xiiSwz0wg==}
    peerDependencies:
      '@effect/platform': ^0.91.1
      effect: ^3.17.14

  '@effect/sql@0.45.0':
    resolution: {integrity: sha512-250w6apb25GTj5T5zxXN1Yw3RJPeaE4xozghOImx5iZn/DHYXWPrTvEM9b/RNmSX5+JaeComObeNgpZbMzKfVQ==}
    peerDependencies:
      '@effect/experimental': ^0.55.0
      '@effect/platform': ^0.91.0
      effect: ^3.17.14

  '@effect/workflow@0.10.3':
    resolution: {integrity: sha512-TaFrxGmkDXi7qB7cPk7Iy4MwxtLfDE3dImlRhliHLwyWORaeFC1jBY5KjewyAszCeSO0XE9meqa4zFMNmp+meA==}
    peerDependencies:
      '@effect/platform': ^0.91.1
      '@effect/rpc': ^0.70.2
      effect: ^3.17.14

  '@msgpackr-extract/msgpackr-extract-darwin-arm64@3.0.4':
    resolution: {integrity: sha512-LCkGo6JDfaBhgST7UpPWgNgLINpcpabaHfyz5OBx75nUYxBsaEPxjnyNjWpeb/xBup/682QnBfRBy2/LvPutZQ==}
    cpu: [arm64]
    os: [darwin]

  '@msgpackr-extract/msgpackr-extract-darwin-x64@3.0.4':
    resolution: {integrity: sha512-zExlW9zUJKZH/tOtVMttwjKa4Xm/3KcNjnE3dPN92uCktwavMxpgCA3MoJK/DOnTWsQgo224OaST27/mPNAf+w==}
    cpu: [x64]
    os: [darwin]

  '@msgpackr-extract/msgpackr-extract-linux-arm64@3.0.4':
    resolution: {integrity: sha512-dgX0P/9wGPJeHFBG+ZmhgE6bmtMt7NP5CRBGyyktpopdk/mW4POnrpQsSLtKI1dwpc+pPLuXHDh6vvskyQE/sw==}
    cpu: [arm64]
    os: [linux]

  '@msgpackr-extract/msgpackr-extract-linux-arm@3.0.4':
    resolution: {integrity: sha512-Tg3yX65f5GbtXLkrYEHE5oibZG9epyYWas7FogTTEJeDEF9JlXJzKgXaNhT3UXlTOeA+AfZpYZYZ0uPj7Cfquw==}
    cpu: [arm]
    os: [linux]

  '@msgpackr-extract/msgpackr-extract-linux-x64@3.0.4':
    resolution: {integrity: sha512-8TNXMEjJc3QEy7R/x1INhgiU+XakDAFUzBhaz7+Rbrs8NH5UQeHQxxmzsSBJGyV6I1jW79undiQm8tOI+D+8FQ==}
    cpu: [x64]
    os: [linux]

  '@msgpackr-extract/msgpackr-extract-win32-x64@3.0.4':
    resolution: {integrity: sha512-CmCXPQrkbwExx3j946/PtHWHbYJiCRBRDl4BlkRQcJB/YOwQxJRTpoo7aTsortjgoJ1x7opzTSxn7C+ASSLVjQ==}
    cpu: [x64]
    os: [win32]

  '@parcel/watcher-android-arm64@2.6.0':
    resolution: {integrity: sha512-trgpLSCKRC/huFjXX/Smh+0sWe4+YtKfktIToiMl59ghz7z+qkH6kMvNnUbLyRs9N11t8l4svSCs1+5B3rOAhA==}
    engines: {node: '>= 10.0.0'}
    cpu: [arm64]
    os: [android]

  '@parcel/watcher-darwin-arm64@2.6.0':
    resolution: {integrity: sha512-Y3QV0gl7Q1zbfueunkWIERICbEojQFCgpyG7YqOGNFLsckXyI1xu9mAIUpKY9QBYzBtSkN8dBPwd3yiAO9ovMw==}
    engines: {node: '>= 10.0.0'}
    cpu: [arm64]
    os: [darwin]

  '@parcel/watcher-darwin-x64@2.6.0':
    resolution: {integrity: sha512-Ohv6OpzhUfKYD7Beb8kDvG0jbIxORCYY1JRdZnaBtnjjkJxgD7ZVL0nw2sCYd0yTMKTvz3nnTnOF3cDifK+kvw==}
    engines: {node: '>= 10.0.0'}
    cpu: [x64]
    os: [darwin]

  '@parcel/watcher-freebsd-x64@2.6.0':
    resolution: {integrity: sha512-5HmXvDgs8VK+74jF9y9/2FE3/OnlcKmc56tjmSrEuZjpSZOGL+fvAu+HKJBdPs9uwoP2hE6TlSUpXZ/C5jUFmQ==}
    engines: {node: '>= 10.0.0'}
    cpu: [x64]
    os: [freebsd]

  '@parcel/watcher-linux-arm-glibc@2.6.0':
    resolution: {integrity: sha512-Ps/hui3A+vMbjdqlqAowK2ZL8+BO8dBjxeWXj6npTBs3jx4wWmbPpaLuqwrQrSqIVMCnpWo238bJ1U37GhQOYg==}
    engines: {node: '>= 10.0.0'}
    cpu: [arm]
    os: [linux]
    libc: [glibc]

  '@parcel/watcher-linux-arm-musl@2.6.0':
    resolution: {integrity: sha512-9c6AUHgHoG+IY88MRIHupztQiQnrbqHYQjkM2btA+Bf/wQnQMuiD0Wfk1EVv3TlNT3x41uU71rn6E4xh/+zvkw==}
    engines: {node: '>= 10.0.0'}
    cpu: [arm]
    os: [linux]
    libc: [musl]

  '@parcel/watcher-linux-arm64-glibc@2.6.0':
    resolution: {integrity: sha512-yHRqS2owEXe6Hic9z6Mh1ECsCd+ODVOGvZDyciqRd21+v+o+DnXMOrw50DSpIG2sb8GPEaPPmfeCAWKPJdq46g==}
    engines: {node: '>= 10.0.0'}
    cpu: [arm64]
    os: [linux]
    libc: [glibc]

  '@parcel/watcher-linux-arm64-musl@2.6.0':
    resolution: {integrity: sha512-WhB2e/V7rqdHHWZusBSPuy5Ei8S6lSz6FE5TKKQz5h3a0O+C+mhY7vxU9b/stqvMb8beLnPY82ZrFTLKs+SrKA==}
    engines: {node: '>= 10.0.0'}
    cpu: [arm64]
    os: [linux]
    libc: [musl]

  '@parcel/watcher-linux-x64-glibc@2.6.0':
    resolution: {integrity: sha512-ulGE6x6Oz6iAwg75T8YQSoguBWasniIbX+QWpaYPcCnDOpdWX3k+4xbEYPZVLxOuoJI+svJJPD3sEj8G7lrQ3A==}
    engines: {node: '>= 10.0.0'}
    cpu: [x64]
    os: [linux]
    libc: [glibc]

  '@parcel/watcher-linux-x64-musl@2.6.0':
    resolution: {integrity: sha512-tkBYKt7YQrjIJWYDnto2YgO8MRkjlMTSNoRHzsXinBqbLdeOM3L32wPZJvIZxqaLMfSlS/4sUjH/6STVP/XDLw==}
    engines: {node: '>= 10.0.0'}
    cpu: [x64]
    os: [linux]
    libc: [musl]

  '@parcel/watcher-win32-arm64@2.6.0':
    resolution: {integrity: sha512-gIZAP23jaHjGWasY/TY6yL7NHFClf0Ga7FN+iINvk+KN94rhm94lYZhFsbYFNcA04/onvGD9kKmiJLJB2HbNwQ==}
    engines: {node: '>= 10.0.0'}
    cpu: [arm64]
    os: [win32]

  '@parcel/watcher-win32-x64@2.6.0':
    resolution: {integrity: sha512-cA+/pXV2YkfxlIcXOQ5fSWqAzzPyD78/x5qbK/I0vUkrlYHA8TIz+MXjAbGouguKVSI4bOmkTSJ1/poVSsgt+A==}
    engines: {node: '>= 10.0.0'}
    cpu: [x64]
    os: [win32]

  '@parcel/watcher@2.6.0':
    resolution: {integrity: sha512-7FNeNl8NCE7aINx7WXiKQrPYZWC/hvrTsmk6zmxbI7LTXE7hVek/n8AfVgpe2y82zl3w0HvCHN0bVKMBoJcC0w==}
    engines: {node: '>= 10.0.0'}

  '@standard-schema/spec@1.1.0':
    resolution: {integrity: sha512-l2aFy5jALhniG5HgqrD6jXLi/rUWrKvqN/qJx6yoJsgKhblVd+iqqU4RCXavm/jPityDo5TCvKMnpjKnOriy0w==}

  '@types/node@24.13.3':
    resolution: {integrity: sha512-Dh8vAsV36ig5wa9OX4pXvMc9D3Veibfw2wix0CUwYODLD8nkj9UsLjASr49nPg+2eKzxhBV+v7L8pXvT4e639Q==}

  detect-libc@2.1.2:
    resolution: {integrity: sha512-Btj2BOOO83o3WyH59e8MgXsxEQVcarkUOpEYrubB0urwnN10yQ364rsiByU11nZlqWYZm05i/of7io4mzihBtQ==}
    engines: {node: '>=8'}

  effect@3.22.1:
    resolution: {integrity: sha512-TNoXushmPOBAjJlthF5d2QwnX2xBPEtcNJr5XKNKbRLbDvBcOYkXlYDfvGfSA0zriwLFuCll5MDtNMAdZL17PQ==}

  fast-check@3.23.2:
    resolution: {integrity: sha512-h5+1OzzfCC3Ef7VbtKdcv7zsstUQwUDlYpUTvjeUsJAssPgLn7QzbboPtL5ro04Mq0rPOsMzl7q5hIbRs2wD1A==}
    engines: {node: '>=8.0.0'}

  find-my-way-ts@0.1.6:
    resolution: {integrity: sha512-a85L9ZoXtNAey3Y6Z+eBWW658kO/MwR7zIafkIUPUMf3isZG0NCs2pjW2wtjxAKuJPxMAsHUIP4ZPGv0o5gyTA==}

  is-extglob@2.1.1:
    resolution: {integrity: sha512-SbKbANkN603Vi4jEZv49LeVJMn4yGwsbzZworEoyEiutsN3nJYdbO36zfhGJ6QEDpOZIFkDtnq5JRxmvl3jsoQ==}
    engines: {node: '>=0.10.0'}

  is-glob@4.0.3:
    resolution: {integrity: sha512-xelSayHH36ZgE7ZWhli7pW34hNbNl8Ojv5KVmkJD4hBdD3th8Tfk9vYasLM+mXWOZhFkgZfxhLSnrwRr4elSSg==}
    engines: {node: '>=0.10.0'}

  mime@3.0.0:
    resolution: {integrity: sha512-jSCU7/VB1loIWBZe14aEYHU/+1UMEHoaO7qxCOVJOw9GgH72VAWppxNcjU+x9a2k3GSIBXNKxXQFqRvvZ7vr3A==}
    engines: {node: '>=10.0.0'}
    hasBin: true

  msgpackr-extract@3.0.4:
    resolution: {integrity: sha512-4kmO/MdyUIkLIvTPr8VHLil4AtoKIoniWPIEk5+CDy0xnWC84azhSFmuJ7PxZdsYtiP5kEeQsORAVIeMgxT+Hw==}
    hasBin: true

  msgpackr@1.12.1:
    resolution: {integrity: sha512-4EUH9tQHnMmEgzW/MdAP0KIfa1T9AF+htl0ffe2n5vb2EKn9y2co8ccpgWko6S52Jy1PQZKwRnx5/KkYjtd9MQ==}

  multipasta@0.2.8:
    resolution: {integrity: sha512-ZPWuMKyv0cSO29f7hozp+k6+crZbQijV8ipMvxNxRf2SwtYGTX1ZX89Kd20VV4H9Znonx+EQn+iy1wGQsJ+b+Q==}

  node-addon-api@7.1.1:
    resolution: {integrity: sha512-5m3bsyrjFWE1xf7nz7YXdN4udnVtXK6/Yfgn5qnahL6bCkf2yKt4k3nuTKAtT4r3IG8JNR2ncsIMdZuAzJjHQQ==}

  node-gyp-build-optional-packages@5.2.2:
    resolution: {integrity: sha512-s+w+rBWnpTMwSFbaE0UXsRlg7hU4FjekKU4eyAih5T8nJuNZT1nNsskXpxmeqSK9UzkBl6UgRlnKc8hz8IEqOw==}
    hasBin: true

  picomatch@4.0.5:
    resolution: {integrity: sha512-RvwwcruNjI1ncT5xRakeyS9Lf8lcItv34KD+aif+VH9kduAyfYBipGh12274xtenIPZ119/R9BdTBa8gAwSh0A==}
    engines: {node: '>=12'}

  pure-rand@6.1.0:
    resolution: {integrity: sha512-bVWawvoZoBYpp6yIoQtQXHZjmz35RSVHnUOTefl8Vcjr8snTPY1wnpSPMWekcFwbxI6gtmT7rSYPFvz71ldiOA==}

  typescript@5.9.3:
    resolution: {integrity: sha512-jl1vZzPDinLr9eUt3J/t7V6FgNEw9QjvBPdysz9KfQDD41fQrC2Y4vKQdiaUpFT4bXlb1RHhLpp8wtm6M5TgSw==}
    engines: {node: '>=14.17'}
    hasBin: true

  undici-types@7.18.2:
    resolution: {integrity: sha512-AsuCzffGHJybSaRrmr5eHr81mwJU3kjw6M+uprWvCXiNeN9SOGwQ3Jn8jb8m3Z6izVgknn1R0FTCEAP2QrLY/w==}

  undici@7.29.0:
    resolution: {integrity: sha512-IDxfleLmmbSskfWSUATiN1nfn2rDuvnMOqb5CWR92iIfojA0Ud+ulOAAEQ57LPr9rWmsreUyf5lwyao+7GNNVw==}
    engines: {node: '>=20.18.1'}

  uuid@11.1.1:
    resolution: {integrity: sha512-vIYxrBCC/N/K+Js3qSN88go7kIfNPssr/hHCesKCQNAjmgvYS2oqr69kIufEG+O4+PfezOH4EbIeHCfFov8ZgQ==}
    hasBin: true

  ws@8.21.2:
    resolution: {integrity: sha512-54dMVAo4WIe6SKy3vBgN+9bJZqqQ8IMRevAkOLQALhi49qkkQDQfWdAZ8KQlXiEabw88ARXXdUrlvtbKQX+aKw==}
    engines: {node: '>=10.0.0'}
    peerDependencies:
      bufferutil: ^4.0.1
      utf-8-validate: '>=5.0.2'
    peerDependenciesMeta:
      bufferutil:
        optional: true
      utf-8-validate:
        optional: true

snapshots:

  '@effect/ai@0.37.0(@effect/experimental@0.61.1(@effect/platform@0.97.1(effect@3.22.1))(effect@3.22.1))(@effect/platform@0.97.1(effect@3.22.1))(@effect/rpc@0.70.2(@effect/platform@0.97.1(effect@3.22.1))(effect@3.22.1))(effect@3.22.1)':
    dependencies:
      '@effect/experimental': 0.61.1(@effect/platform@0.97.1(effect@3.22.1))(effect@3.22.1)
      '@effect/platform': 0.97.1(effect@3.22.1)
      '@effect/rpc': 0.70.2(@effect/platform@0.97.1(effect@3.22.1))(effect@3.22.1)
      effect: 3.22.1
      find-my-way-ts: 0.1.6

  '@effect/cluster@0.49.6(@effect/platform@0.97.1(effect@3.22.1))(@effect/rpc@0.70.2(@effect/platform@0.97.1(effect@3.22.1))(effect@3.22.1))(@effect/sql@0.45.0(@effect/experimental@0.61.1(@effect/platform@0.97.1(effect@3.22.1))(effect@3.22.1))(@effect/platform@0.97.1(effect@3.22.1))(effect@3.22.1))(@effect/workflow@0.10.3(@effect/platform@0.97.1(effect@3.22.1))(@effect/rpc@0.70.2(@effect/platform@0.97.1(effect@3.22.1))(effect@3.22.1))(effect@3.22.1))(effect@3.22.1)':
    dependencies:
      '@effect/platform': 0.97.1(effect@3.22.1)
      '@effect/rpc': 0.70.2(@effect/platform@0.97.1(effect@3.22.1))(effect@3.22.1)
      '@effect/sql': 0.45.0(@effect/experimental@0.61.1(@effect/platform@0.97.1(effect@3.22.1))(effect@3.22.1))(@effect/platform@0.97.1(effect@3.22.1))(effect@3.22.1)
      '@effect/workflow': 0.10.3(@effect/platform@0.97.1(effect@3.22.1))(@effect/rpc@0.70.2(@effect/platform@0.97.1(effect@3.22.1))(effect@3.22.1))(effect@3.22.1)
      effect: 3.22.1

  '@effect/experimental@0.61.1(@effect/platform@0.97.1(effect@3.22.1))(effect@3.22.1)':
    dependencies:
      '@effect/platform': 0.97.1(effect@3.22.1)
      effect: 3.22.1
      uuid: 11.1.1

  '@effect/platform-node-shared@0.50.1(@effect/cluster@0.49.6(@effect/platform@0.97.1(effect@3.22.1))(@effect/rpc@0.70.2(@effect/platform@0.97.1(effect@3.22.1))(effect@3.22.1))(@effect/sql@0.45.0(@effect/experimental@0.61.1(@effect/platform@0.97.1(effect@3.22.1))(effect@3.22.1))(@effect/platform@0.97.1(effect@3.22.1))(effect@3.22.1))(@effect/workflow@0.10.3(@effect/platform@0.97.1(effect@3.22.1))(@effect/rpc@0.70.2(@effect/platform@0.97.1(effect@3.22.1))(effect@3.22.1))(effect@3.22.1))(effect@3.22.1))(@effect/platform@0.97.1(effect@3.22.1))(@effect/rpc@0.70.2(@effect/platform@0.97.1(effect@3.22.1))(effect@3.22.1))(@effect/sql@0.45.0(@effect/experimental@0.61.1(@effect/platform@0.97.1(effect@3.22.1))(effect@3.22.1))(@effect/platform@0.97.1(effect@3.22.1))(effect@3.22.1))(effect@3.22.1)':
    dependencies:
      '@effect/cluster': 0.49.6(@effect/platform@0.97.1(effect@3.22.1))(@effect/rpc@0.70.2(@effect/platform@0.97.1(effect@3.22.1))(effect@3.22.1))(@effect/sql@0.45.0(@effect/experimental@0.61.1(@effect/platform@0.97.1(effect@3.22.1))(effect@3.22.1))(@effect/platform@0.97.1(effect@3.22.1))(effect@3.22.1))(@effect/workflow@0.10.3(@effect/platform@0.97.1(effect@3.22.1))(@effect/rpc@0.70.2(@effect/platform@0.97.1(effect@3.22.1))(effect@3.22.1))(effect@3.22.1))(effect@3.22.1)
      '@effect/platform': 0.97.1(effect@3.22.1)
      '@effect/rpc': 0.70.2(@effect/platform@0.97.1(effect@3.22.1))(effect@3.22.1)
      '@effect/sql': 0.45.0(@effect/experimental@0.61.1(@effect/platform@0.97.1(effect@3.22.1))(effect@3.22.1))(@effect/platform@0.97.1(effect@3.22.1))(effect@3.22.1)
      '@parcel/watcher': 2.6.0
      effect: 3.22.1
      multipasta: 0.2.8
      ws: 8.21.2
    transitivePeerDependencies:
      - bufferutil
      - utf-8-validate

  '@effect/platform-node@0.97.1(@effect/cluster@0.49.6(@effect/platform@0.97.1(effect@3.22.1))(@effect/rpc@0.70.2(@effect/platform@0.97.1(effect@3.22.1))(effect@3.22.1))(@effect/sql@0.45.0(@effect/experimental@0.61.1(@effect/platform@0.97.1(effect@3.22.1))(effect@3.22.1))(@effect/platform@0.97.1(effect@3.22.1))(effect@3.22.1))(@effect/workflow@0.10.3(@effect/platform@0.97.1(effect@3.22.1))(@effect/rpc@0.70.2(@effect/platform@0.97.1(effect@3.22.1))(effect@3.22.1))(effect@3.22.1))(effect@3.22.1))(@effect/platform@0.97.1(effect@3.22.1))(@effect/rpc@0.70.2(@effect/platform@0.97.1(effect@3.22.1))(effect@3.22.1))(@effect/sql@0.45.0(@effect/experimental@0.61.1(@effect/platform@0.97.1(effect@3.22.1))(effect@3.22.1))(@effect/platform@0.97.1(effect@3.22.1))(effect@3.22.1))(effect@3.22.1)':
    dependencies:
      '@effect/cluster': 0.49.6(@effect/platform@0.97.1(effect@3.22.1))(@effect/rpc@0.70.2(@effect/platform@0.97.1(effect@3.22.1))(effect@3.22.1))(@effect/sql@0.45.0(@effect/experimental@0.61.1(@effect/platform@0.97.1(effect@3.22.1))(effect@3.22.1))(@effect/platform@0.97.1(effect@3.22.1))(effect@3.22.1))(@effect/workflow@0.10.3(@effect/platform@0.97.1(effect@3.22.1))(@effect/rpc@0.70.2(@effect/platform@0.97.1(effect@3.22.1))(effect@3.22.1))(effect@3.22.1))(effect@3.22.1)
      '@effect/platform': 0.97.1(effect@3.22.1)
      '@effect/platform-node-shared': 0.50.1(@effect/cluster@0.49.6(@effect/platform@0.97.1(effect@3.22.1))(@effect/rpc@0.70.2(@effect/platform@0.97.1(effect@3.22.1))(effect@3.22.1))(@effect/sql@0.45.0(@effect/experimental@0.61.1(@effect/platform@0.97.1(effect@3.22.1))(effect@3.22.1))(@effect/platform@0.97.1(effect@3.22.1))(effect@3.22.1))(@effect/workflow@0.10.3(@effect/platform@0.97.1(effect@3.22.1))(@effect/rpc@0.70.2(@effect/platform@0.97.1(effect@3.22.1))(effect@3.22.1))(effect@3.22.1))(effect@3.22.1))(@effect/platform@0.97.1(effect@3.22.1))(@effect/rpc@0.70.2(@effect/platform@0.97.1(effect@3.22.1))(effect@3.22.1))(@effect/sql@0.45.0(@effect/experimental@0.61.1(@effect/platform@0.97.1(effect@3.22.1))(effect@3.22.1))(@effect/platform@0.97.1(effect@3.22.1))(effect@3.22.1))(effect@3.22.1)
      '@effect/rpc': 0.70.2(@effect/platform@0.97.1(effect@3.22.1))(effect@3.22.1)
      '@effect/sql': 0.45.0(@effect/experimental@0.61.1(@effect/platform@0.97.1(effect@3.22.1))(effect@3.22.1))(@effect/platform@0.97.1(effect@3.22.1))(effect@3.22.1)
      effect: 3.22.1
      mime: 3.0.0
      undici: 7.29.0
      ws: 8.21.2
    transitivePeerDependencies:
      - bufferutil
      - utf-8-validate

  '@effect/platform@0.97.1(effect@3.22.1)':
    dependencies:
      effect: 3.22.1
      find-my-way-ts: 0.1.6
      msgpackr: 1.12.1
      multipasta: 0.2.8

  '@effect/rpc@0.70.2(@effect/platform@0.97.1(effect@3.22.1))(effect@3.22.1)':
    dependencies:
      '@effect/platform': 0.97.1(effect@3.22.1)
      effect: 3.22.1
      msgpackr: 1.12.1

  '@effect/sql@0.45.0(@effect/experimental@0.61.1(@effect/platform@0.97.1(effect@3.22.1))(effect@3.22.1))(@effect/platform@0.97.1(effect@3.22.1))(effect@3.22.1)':
    dependencies:
      '@effect/experimental': 0.61.1(@effect/platform@0.97.1(effect@3.22.1))(effect@3.22.1)
      '@effect/platform': 0.97.1(effect@3.22.1)
      effect: 3.22.1
      uuid: 11.1.1

  '@effect/workflow@0.10.3(@effect/platform@0.97.1(effect@3.22.1))(@effect/rpc@0.70.2(@effect/platform@0.97.1(effect@3.22.1))(effect@3.22.1))(effect@3.22.1)':
    dependencies:
      '@effect/platform': 0.97.1(effect@3.22.1)
      '@effect/rpc': 0.70.2(@effect/platform@0.97.1(effect@3.22.1))(effect@3.22.1)
      effect: 3.22.1

  '@msgpackr-extract/msgpackr-extract-darwin-arm64@3.0.4':
    optional: true

  '@msgpackr-extract/msgpackr-extract-darwin-x64@3.0.4':
    optional: true

  '@msgpackr-extract/msgpackr-extract-linux-arm64@3.0.4':
    optional: true

  '@msgpackr-extract/msgpackr-extract-linux-arm@3.0.4':
    optional: true

  '@msgpackr-extract/msgpackr-extract-linux-x64@3.0.4':
    optional: true

  '@msgpackr-extract/msgpackr-extract-win32-x64@3.0.4':
    optional: true

  '@parcel/watcher-android-arm64@2.6.0':
    optional: true

  '@parcel/watcher-darwin-arm64@2.6.0':
    optional: true

  '@parcel/watcher-darwin-x64@2.6.0':
    optional: true

  '@parcel/watcher-freebsd-x64@2.6.0':
    optional: true

  '@parcel/watcher-linux-arm-glibc@2.6.0':
    optional: true

  '@parcel/watcher-linux-arm-musl@2.6.0':
    optional: true

  '@parcel/watcher-linux-arm64-glibc@2.6.0':
    optional: true

  '@parcel/watcher-linux-arm64-musl@2.6.0':
    optional: true

  '@parcel/watcher-linux-x64-glibc@2.6.0':
    optional: true

  '@parcel/watcher-linux-x64-musl@2.6.0':
    optional: true

  '@parcel/watcher-win32-arm64@2.6.0':
    optional: true

  '@parcel/watcher-win32-x64@2.6.0':
    optional: true

  '@parcel/watcher@2.6.0':
    dependencies:
      detect-libc: 2.1.2
      is-glob: 4.0.3
      node-addon-api: 7.1.1
      picomatch: 4.0.5
    optionalDependencies:
      '@parcel/watcher-android-arm64': 2.6.0
      '@parcel/watcher-darwin-arm64': 2.6.0
      '@parcel/watcher-darwin-x64': 2.6.0
      '@parcel/watcher-freebsd-x64': 2.6.0
      '@parcel/watcher-linux-arm-glibc': 2.6.0
      '@parcel/watcher-linux-arm-musl': 2.6.0
      '@parcel/watcher-linux-arm64-glibc': 2.6.0
      '@parcel/watcher-linux-arm64-musl': 2.6.0
      '@parcel/watcher-linux-x64-glibc': 2.6.0
      '@parcel/watcher-linux-x64-musl': 2.6.0
      '@parcel/watcher-win32-arm64': 2.6.0
      '@parcel/watcher-win32-x64': 2.6.0

  '@standard-schema/spec@1.1.0': {}

  '@types/node@24.13.3':
    dependencies:
      undici-types: 7.18.2

  detect-libc@2.1.2: {}

  effect@3.22.1:
    dependencies:
      '@standard-schema/spec': 1.1.0
      fast-check: 3.23.2

  fast-check@3.23.2:
    dependencies:
      pure-rand: 6.1.0

  find-my-way-ts@0.1.6: {}

  is-extglob@2.1.1: {}

  is-glob@4.0.3:
    dependencies:
      is-extglob: 2.1.1

  mime@3.0.0: {}

  msgpackr-extract@3.0.4:
    dependencies:
      node-gyp-build-optional-packages: 5.2.2
    optionalDependencies:
      '@msgpackr-extract/msgpackr-extract-darwin-arm64': 3.0.4
      '@msgpackr-extract/msgpackr-extract-darwin-x64': 3.0.4
      '@msgpackr-extract/msgpackr-extract-linux-arm': 3.0.4
      '@msgpackr-extract/msgpackr-extract-linux-arm64': 3.0.4
      '@msgpackr-extract/msgpackr-extract-linux-x64': 3.0.4
      '@msgpackr-extract/msgpackr-extract-win32-x64': 3.0.4
    optional: true

  msgpackr@1.12.1:
    optionalDependencies:
      msgpackr-extract: 3.0.4

  multipasta@0.2.8: {}

  node-addon-api@7.1.1: {}

  node-gyp-build-optional-packages@5.2.2:
    dependencies:
      detect-libc: 2.1.2
    optional: true

  picomatch@4.0.5: {}

  pure-rand@6.1.0: {}

  typescript@5.9.3: {}

  undici-types@7.18.2: {}

  undici@7.29.0: {}

  uuid@11.1.1: {}

  ws@8.21.2: {}
